
Microsoft Visual Studio Solution File, Format Version 12.00
# Visual Studio Version 17
VisualStudioVersion = 17.1.32319.34
MinimumVisualStudioVersion = 10.0.40219.1
Project("{FAE04EC0-301F-11D3-BF4B-00C04F79EFBC}") = "Brezen", "Brezen\Brezen.csproj", "{31427AC6-0209-4020-A507-148F848F4DC6}"
EndProject
Global
	GlobalSection(SolutionConfigurationPlatforms) = preSolution
		Debug|Any CPU = Debug|Any CPU
		Release|Any CPU = Release|Any CPU
	EndGlobalSection
	GlobalSection(ProjectConfigurationPlatforms) = postSolution
		{31427AC6-0209-4020-A507-148F848F4DC6}.Debug|Any CPU.ActiveCfg = Debug|Any CPU
		{31427AC6-0209-4020-A507-148F848F4DC6}.Debug|Any CPU.Build.0 = Debug|Any CPU
		{31427AC6-0209-4020-A507-148F848F4DC6}.Release|Any CPU.ActiveCfg = Release|Any CPU
		{31427AC6-0209-4020-A507-148F848F4DC6}.Release|Any CPU.Build.0 = Release|Any CPU
	EndGlobalSection
	GlobalSection(SolutionProperties) = preSolution
		HideSolutionNode = FALSE
	EndGlobalSection
	GlobalSection(ExtensibilityGlobals) = postSolution
		SolutionGuid = {08B79F75-CBBF-48EA-A45E-39801740C99E}
	EndGlobalSection
EndGlobal
